// !$*UTF8*$!
{
	archiveVersion = 1;
	classes = {
	};
	objectVersion = 56;
	objects = {

/* Begin PBXBuildFile section */
		3DA391CB2A3031A30017581A /* DJournalApp.swift in Sources */ = {isa = PBXBuildFile; fileRef = 3DA391CA2A3031A30017581A /* DJournalApp.swift */; };
		3DA391CD2A3031A30017581A /* ContentView.swift in Sources */ = {isa = PBXBuildFile; fileRef = 3DA391CC2A3031A30017581A /* ContentView.swift */; };
		3DA391CF2A3031A50017581A /* Assets.xcassets in Resources */ = {isa = PBXBuildFile; fileRef = 3DA391CE2A3031A50017581A /* Assets.xcassets */; };
		3DA391D22A3031A50017581A /* Preview Assets.xcassets in Resources */ = {isa = PBXBuildFile; fileRef = 3DA391D12A3031A50017581A /* Preview Assets.xcassets */; };
		3DA391DB2A3047BB0017581A /* MessageView.swift in Sources */ = {isa = PBXBuildFile; fileRef = 3DA391DA2A3047BB0017581A /* MessageView.swift */; };
		3DA391DE2A3052EA0017581A /* MessageModel.swift in Sources */ = {isa = PBXBuildFile; fileRef = 3DA391DD2A3052EA0017581A /* MessageModel.swift */; };
		3DA391E22A3057EC0017581A /* ContentViewVM.swift in Sources */ = {isa = PBXBuildFile; fileRef = 3DA391E12A3057EC0017581A /* ContentViewVM.swift */; };
		3DA391E52A3058D60017581A /* MessageStrings.swift in Sources */ = {isa = PBXBuildFile; fileRef = 3DA391E42A3058D60017581A /* MessageStrings.swift */; };
		FA8EF33F2B4E666D0010C095 /* SingleMessageView.swift in Sources */ = {isa = PBXBuildFile; fileRef = FA8EF33E2B4E666C0010C095 /* SingleMessageView.swift */; };
		FA8EF3412B4E6B960010C095 /* View.swift in Sources */ = {isa = PBXBuildFile; fileRef = FA8EF3402B4E6B960010C095 /* View.swift */; };
		FD1E444D2A32E62900F4708C /* CustomLinearGradient.swift in Sources */ = {isa = PBXBuildFile; fileRef = FD1E444C2A32E62900F4708C /* CustomLinearGradient.swift */; };
/* End PBXBuildFile section */

/* Begin PBXFileReference section */
		3DA391C72A3031A30017581A /* DJournal.app */ = {isa = PBXFileReference; explicitFileType = wrapper.application; includeInIndex = 0; path = DJournal.app; sourceTree = BUILT_PRODUCTS_DIR; };
		3DA391CA2A3031A30017581A /* DJournalApp.swift */ = {isa = PBXFileReference; lastKnownFileType = sourcecode.swift; path = DJournalApp.swift; sourceTree = "<group>"; };
		3DA391CC2A3031A30017581A /* ContentView.swift */ = {isa = PBXFileReference; lastKnownFileType = sourcecode.swift; path = ContentView.swift; sourceTree = "<group>"; };
		3DA391CE2A3031A50017581A /* Assets.xcassets */ = {isa = PBXFileReference; lastKnownFileType = folder.assetcatalog; path = Assets.xcassets; sourceTree = "<group>"; };
		3DA391D12A3031A50017581A /* Preview Assets.xcassets */ = {isa = PBXFileReference; lastKnownFileType = folder.assetcatalog; path = "Preview Assets.xcassets"; sourceTree = "<group>"; };
		3DA391DA2A3047BB0017581A /* MessageView.swift */ = {isa = PBXFileReference; lastKnownFileType = sourcecode.swift; path = MessageView.swift; sourceTree = "<group>"; };
		3DA391DD2A3052EA0017581A /* MessageModel.swift */ = {isa = PBXFileReference; lastKnownFileType = sourcecode.swift; path = MessageModel.swift; sourceTree = "<group>"; };
		3DA391E12A3057EC0017581A /* ContentViewVM.swift */ = {isa = PBXFileReference; lastKnownFileType = sourcecode.swift; path = ContentViewVM.swift; sourceTree = "<group>"; };
		3DA391E42A3058D60017581A /* MessageStrings.swift */ = {isa = PBXFileReference; lastKnownFileType = sourcecode.swift; path = MessageStrings.swift; sourceTree = "<group>"; };
		FA8EF33E2B4E666C0010C095 /* SingleMessageView.swift */ = {isa = PBXFileReference; lastKnownFileType = sourcecode.swift; path = SingleMessageView.swift; sourceTree = "<group>"; };
		FA8EF3402B4E6B960010C095 /* View.swift */ = {isa = PBXFileReference; lastKnownFileType = sourcecode.swift; name = View.swift; path = DJournal/View/View.swift; sourceTree = SOURCE_ROOT; };
		FD1E444C2A32E62900F4708C /* CustomLinearGradient.swift */ = {isa = PBXFileReference; lastKnownFileType = sourcecode.swift; path = CustomLinearGradient.swift; sourceTree = "<group>"; };
/* End PBXFileReference section */

/* Begin PBXFrameworksBuildPhase section */
		3DA391C42A3031A30017581A /* Frameworks */ = {
			isa = PBXFrameworksBuildPhase;
			buildActionMask = 2147483647;
			files = (
			);
			runOnlyForDeploymentPostprocessing = 0;
		};
/* End PBXFrameworksBuildPhase section */

/* Begin PBXGroup section */
		3DA391BE2A3031A30017581A = {
			isa = PBXGroup;
			children = (
				3DA391C92A3031A30017581A /* DJournal */,
				3DA391C82A3031A30017581A /* Products */,
			);
			sourceTree = "<group>";
		};
		3DA391C82A3031A30017581A /* Products */ = {
			isa = PBXGroup;
			children = (
				3DA391C72A3031A30017581A /* DJournal.app */,
			);
			name = Products;
			sourceTree = "<group>";
		};
		3DA391C92A3031A30017581A /* DJournal */ = {
			isa = PBXGroup;
			children = (
				FD1E444E2A32E87300F4708C /* Extension */,
				3DA391E32A30589F0017581A /* Strings */,
				3DA391E02A3057D40017581A /* ViewModel */,
				3DA391DC2A3052CA0017581A /* Model */,
				3DA391D92A30474E0017581A /* View */,
				3DA391D82A3047450017581A /* App */,
				3DA391CE2A3031A50017581A /* Assets.xcassets */,
				3DA391D02A3031A50017581A /* Preview Content */,
			);
			path = DJournal;
			sourceTree = "<group>";
		};
		3DA391D02A3031A50017581A /* Preview Content */ = {
			isa = PBXGroup;
			children = (
				3DA391D12A3031A50017581A /* Preview Assets.xcassets */,
			);
			path = "Preview Content";
			sourceTree = "<group>";
		};
		3DA391D82A3047450017581A /* App */ = {
			isa = PBXGroup;
			children = (
				3DA391CC2A3031A30017581A /* ContentView.swift */,
				3DA391CA2A3031A30017581A /* DJournalApp.swift */,
			);
			path = App;
			sourceTree = "<group>";
		};
		3DA391D92A30474E0017581A /* View */ = {
			isa = PBXGroup;
			children = (
				3DA391DA2A3047BB0017581A /* MessageView.swift */,
				FD1E444C2A32E62900F4708C /* CustomLinearGradient.swift */,
				FA8EF33E2B4E666C0010C095 /* SingleMessageView.swift */,
			);
			path = View;
			sourceTree = "<group>";
		};
		3DA391DC2A3052CA0017581A /* Model */ = {
			isa = PBXGroup;
			children = (
				3DA391DD2A3052EA0017581A /* MessageModel.swift */,
			);
			path = Model;
			sourceTree = "<group>";
		};
		3DA391E02A3057D40017581A /* ViewModel */ = {
			isa = PBXGroup;
			children = (
				3DA391E12A3057EC0017581A /* ContentViewVM.swift */,
			);
			path = ViewModel;
			sourceTree = "<group>";
		};
		3DA391E32A30589F0017581A /* Strings */ = {
			isa = PBXGroup;
			children = (
				3DA391E42A3058D60017581A /* MessageStrings.swift */,
			);
			path = Strings;
			sourceTree = "<group>";
		};
		FD1E444E2A32E87300F4708C /* Extension */ = {
			isa = PBXGroup;
			children = (
				FA8EF3402B4E6B960010C095 /* View.swift */,
			);
			path = Extension;
			sourceTree = "<group>";
		};
/* End PBXGroup section */

/* Begin PBXNativeTarget section */
		3DA391C62A3031A30017581A /* DJournal */ = {
			isa = PBXNativeTarget;
			buildConfigurationList = 3DA391D52A3031A50017581A /* Build configuration list for PBXNativeTarget "DJournal" */;
			buildPhases = (
				3DA391C32A3031A30017581A /* Sources */,
				3DA391C42A3031A30017581A /* Frameworks */,
				3DA391C52A3031A30017581A /* Resources */,
			);
			buildRules = (
			);
			dependencies = (
			);
			name = DJournal;
			productName = DJournal;
			productReference = 3DA391C72A3031A30017581A /* DJournal.app */;
			productType = "com.apple.product-type.application";
		};
/* End PBXNativeTarget section */

/* Begin PBXProject section */
		3DA391BF2A3031A30017581A /* Project object */ = {
			isa = PBXProject;
			attributes = {
				BuildIndependentTargetsInParallel = 1;
				LastSwiftUpdateCheck = 1420;
				LastUpgradeCheck = 1420;
				TargetAttributes = {
					3DA391C62A3031A30017581A = {
						CreatedOnToolsVersion = 14.2;
					};
				};
			};
			buildConfigurationList = 3DA391C22A3031A30017581A /* Build configuration list for PBXProject "DJournal" */;
			compatibilityVersion = "Xcode 14.0";
			developmentRegion = en;
			hasScannedForEncodings = 0;
			knownRegions = (
				en,
				Base,
			);
			mainGroup = 3DA391BE2A3031A30017581A;
			productRefGroup = 3DA391C82A3031A30017581A /* Products */;
			projectDirPath = "";
			projectRoot = "";
			targets = (
				3DA391C62A3031A30017581A /* DJournal */,
			);
		};
/* End PBXProject section */

/* Begin PBXResourcesBuildPhase section */
		3DA391C52A3031A30017581A /* Resources */ = {
			isa = PBXResourcesBuildPhase;
			buildActionMask = 2147483647;
			files = (
				3DA391D22A3031A50017581A /* Preview Assets.xcassets in Resources */,
				3DA391CF2A3031A50017581A /* Assets.xcassets in Resources */,
			);
			runOnlyForDeploymentPostprocessing = 0;
		};
/* End PBXResourcesBuildPhase section */

/* Begin PBXSourcesBuildPhase section */
		3DA391C32A3031A30017581A /* Sources */ = {
			isa = PBXSourcesBuildPhase;
			buildActionMask = 2147483647;
			files = (
				FD1E444D2A32E62900F4708C /* CustomLinearGradient.swift in Sources */,
				3DA391DB2A3047BB0017581A /* MessageView.swift in Sources */,
				3DA391E22A3057EC0017581A /* ContentViewVM.swift in Sources */,
				3DA391CD2A3031A30017581A /* ContentView.swift in Sources */,
				FA8EF33F2B4E666D0010C095 /* SingleMessageView.swift in Sources */,
				FA8EF3412B4E6B960010C095 /* View.swift in Sources */,
				3DA391CB2A3031A30017581A /* DJournalApp.swift in Sources */,
				3DA391E52A3058D60017581A /* MessageStrings.swift in Sources */,
				3DA391DE2A3052EA0017581A /* MessageModel.swift in Sources */,
			);
			runOnlyForDeploymentPostprocessing = 0;
		};
/* End PBXSourcesBuildPhase section */

/* Begin XCBuildConfiguration section */
		3DA391D32A3031A50017581A /* Debug */ = {
			isa = XCBuildConfiguration;
			buildSettings = {
				ALWAYS_SEARCH_USER_PATHS = NO;
				CLANG_ANALYZER_NONNULL = YES;
				CLANG_ANALYZER_NUMBER_OBJECT_CONVERSION = YES_AGGRESSIVE;
				CLANG_CXX_LANGUAGE_STANDARD = "gnu++20";
				CLANG_ENABLE_MODULES = YES;
				CLANG_ENABLE_OBJC_ARC = YES;
				CLANG_ENABLE_OBJC_WEAK = YES;
				CLANG_WARN_BLOCK_CAPTURE_AUTORELEASING = YES;
				CLANG_WARN_BOOL_CONVERSION = YES;
				CLANG_WARN_COMMA = YES;
				CLANG_WARN_CONSTANT_CONVERSION = YES;
				CLANG_WARN_DEPRECATED_OBJC_IMPLEMENTATIONS = YES;
				CLANG_WARN_DIRECT_OBJC_ISA_USAGE = YES_ERROR;
				CLANG_WARN_DOCUMENTATION_COMMENTS = YES;
				CLANG_WARN_EMPTY_BODY = YES;
				CLANG_WARN_ENUM_CONVERSION = YES;
				CLANG_WARN_INFINITE_RECURSION = YES;
				CLANG_WARN_INT_CONVERSION = YES;
				CLANG_WARN_NON_LITERAL_NULL_CONVERSION = YES;
				CLANG_WARN_OBJC_IMPLICIT_RETAIN_SELF = YES;
				CLANG_WARN_OBJC_LITERAL_CONVERSION = YES;
				CLANG_WARN_OBJC_ROOT_CLASS = YES_ERROR;
				CLANG_WARN_QUOTED_INCLUDE_IN_FRAMEWORK_HEADER = YES;
				CLANG_WARN_RANGE_LOOP_ANALYSIS = YES;
				CLANG_WARN_STRICT_PROTOTYPES = YES;
				CLANG_WARN_SUSPICIOUS_MOVE = YES;
				CLANG_WARN_UNGUARDED_AVAILABILITY = YES_AGGRESSIVE;
				CLANG_WARN_UNREACHABLE_CODE = YES;
				CLANG_WARN__DUPLICATE_METHOD_MATCH = YES;
				COPY_PHASE_STRIP = NO;
				DEBUG_INFORMATION_FORMAT = dwarf;
				ENABLE_STRICT_OBJC_MSGSEND = YES;
				ENABLE_TESTABILITY = YES;
				GCC_C_LANGUAGE_STANDARD = gnu11;
				GCC_DYNAMIC_NO_PIC = NO;
				GCC_NO_COMMON_BLOCKS = YES;
				GCC_OPTIMIZATION_LEVEL = 0;
				GCC_PREPROCESSOR_DEFINITIONS = (
					"DEBUG=1",
					"$(inherited)",
				);
				GCC_WARN_64_TO_32_BIT_CONVERSION = YES;
				GCC_WARN_ABOUT_RETURN_TYPE = YES_ERROR;
				GCC_WARN_UNDECLARED_SELECTOR = YES;
				GCC_WARN_UNINITIALIZED_AUTOS = YES_AGGRESSIVE;
				GCC_WARN_UNUSED_FUNCTION = YES;
				GCC_WARN_UNUSED_VARIABLE = YES;
				IPHONEOS_DEPLOYMENT_TARGET = 16.2;
				MTL_ENABLE_DEBUG_INFO = INCLUDE_SOURCE;
				MTL_FAST_MATH = YES;
				ONLY_ACTIVE_ARCH = YES;
				SDKROOT = iphoneos;
				SWIFT_ACTIVE_COMPILATION_CONDITIONS = DEBUG;
				SWIFT_OPTIMIZATION_LEVEL = "-Onone";
			};
			name = Debug;
		};
		3DA391D42A3031A50017581A /* Release */ = {
			isa = XCBuildConfiguration;
			buildSettings = {
				ALWAYS_SEARCH_USER_PATHS = NO;
				CLANG_ANALYZER_NONNULL = YES;
				CLANG_ANALYZER_NUMBER_OBJECT_CONVERSION = YES_AGGRESSIVE;
				CLANG_CXX_LANGUAGE_STANDARD = "gnu++20";
				CLANG_ENABLE_MODULES = YES;
				CLANG_ENABLE_OBJC_ARC = YES;
				CLANG_ENABLE_OBJC_WEAK = YES;
				CLANG_WARN_BLOCK_CAPTURE_AUTORELEASING = YES;
				CLANG_WARN_BOOL_CONVERSION = YES;
				CLANG_WARN_COMMA = YES;
				CLANG_WARN_CONSTANT_CONVERSION = YES;
				CLANG_WARN_DEPRECATED_OBJC_IMPLEMENTATIONS = YES;
				CLANG_WARN_DIRECT_OBJC_ISA_USAGE = YES_ERROR;
				CLANG_WARN_DOCUMENTATION_COMMENTS = YES;
				CLANG_WARN_EMPTY_BODY = YES;
				CLANG_WARN_ENUM_CONVERSION = YES;
				CLANG_WARN_INFINITE_RECURSION = YES;
				CLANG_WARN_INT_CONVERSION = YES;
				CLANG_WARN_NON_LITERAL_NULL_CONVERSION = YES;
				CLANG_WARN_OBJC_IMPLICIT_RETAIN_SELF = YES;
				CLANG_WARN_OBJC_LITERAL_CONVERSION = YES;
				CLANG_WARN_OBJC_ROOT_CLASS = YES_ERROR;
				CLANG_WARN_QUOTED_INCLUDE_IN_FRAMEWORK_HEADER = YES;
				CLANG_WARN_RANGE_LOOP_ANALYSIS = YES;
				CLANG_WARN_STRICT_PROTOTYPES = YES;
				CLANG_WARN_SUSPICIOUS_MOVE = YES;
				CLANG_WARN_UNGUARDED_AVAILABILITY = YES_AGGRESSIVE;
				CLANG_WARN_UNREACHABLE_CODE = YES;
				CLANG_WARN__DUPLICATE_METHOD_MATCH = YES;
				COPY_PHASE_STRIP = NO;
				DEBUG_INFORMATION_FORMAT = "dwarf-with-dsym";
				ENABLE_NS_ASSERTIONS = NO;
				ENABLE_STRICT_OBJC_MSGSEND = YES;
				GCC_C_LANGUAGE_STANDARD = gnu11;
				GCC_NO_COMMON_BLOCKS = YES;
				GCC_WARN_64_TO_32_BIT_CONVERSION = YES;
				GCC_WARN_ABOUT_RETURN_TYPE = YES_ERROR;
				GCC_WARN_UNDECLARED_SELECTOR = YES;
				GCC_WARN_UNINITIALIZED_AUTOS = YES_AGGRESSIVE;
				GCC_WARN_UNUSED_FUNCTION = YES;
				GCC_WARN_UNUSED_VARIABLE = YES;
				IPHONEOS_DEPLOYMENT_TARGET = 16.2;
				MTL_ENABLE_DEBUG_INFO = NO;
				MTL_FAST_MATH = YES;
				SDKROOT = iphoneos;
				SWIFT_COMPILATION_MODE = wholemodule;
				SWIFT_OPTIMIZATION_LEVEL = "-O";
				VALIDATE_PRODUCT = YES;
			};
			name = Release;
		};
		3DA391D62A3031A50017581A /* Debug */ = {
			isa = XCBuildConfiguration;
			buildSettings = {
				ASSETCATALOG_COMPILER_APPICON_NAME = AppIcon;
				ASSETCATALOG_COMPILER_GLOBAL_ACCENT_COLOR_NAME = AccentColor;
				CODE_SIGN_STYLE = Automatic;
				CURRENT_PROJECT_VERSION = 1;
				DEVELOPMENT_ASSET_PATHS = "\"DJournal/Preview Content\"";
				DEVELOPMENT_TEAM = A2KT8CVF73;
				ENABLE_PREVIEWS = YES;
				GENERATE_INFOPLIST_FILE = YES;
				INFOPLIST_KEY_UIApplicationSceneManifest_Generation = YES;
				INFOPLIST_KEY_UIApplicationSupportsIndirectInputEvents = YES;
				INFOPLIST_KEY_UILaunchScreen_Generation = YES;
				INFOPLIST_KEY_UISupportedInterfaceOrientations_iPad = "UIInterfaceOrientationPortrait UIInterfaceOrientationPortraitUpsideDown UIInterfaceOrientationLandscapeLeft UIInterfaceOrientationLandscapeRight";
				INFOPLIST_KEY_UISupportedInterfaceOrientations_iPhone = "UIInterfaceOrientationPortrait UIInterfaceOrientationLandscapeLeft UIInterfaceOrientationLandscapeRight";
				IPHONEOS_DEPLOYMENT_TARGET = 14.0;
				LD_RUNPATH_SEARCH_PATHS = (
					"$(inherited)",
					"@executable_path/Frameworks",
				);
				MARKETING_VERSION = 1.0;
				PRODUCT_BUNDLE_IDENTIFIER = com.rehnuma.DJournal;
				PRODUCT_NAME = "$(TARGET_NAME)";
				SWIFT_EMIT_LOC_STRINGS = YES;
				SWIFT_VERSION = 5.0;
				TARGETED_DEVICE_FAMILY = "1,2";
			};
			name = Debug;
		};
		3DA391D72A3031A50017581A /* Release */ = {
			isa = XCBuildConfiguration;
			buildSettings = {
				ASSETCATALOG_COMPILER_APPICON_NAME = AppIcon;
				ASSETCATALOG_COMPILER_GLOBAL_ACCENT_COLOR_NAME = AccentColor;
				CODE_SIGN_STYLE = Automatic;
				CURRENT_PROJECT_VERSION = 1;
				DEVELOPMENT_ASSET_PATHS = "\"DJournal/Preview Content\"";
				DEVELOPMENT_TEAM = A2KT8CVF73;
				ENABLE_PREVIEWS = YES;
				GENERATE_INFOPLIST_FILE = YES;
				INFOPLIST_KEY_UIApplicationSceneManifest_Generation = YES;
				INFOPLIST_KEY_UIApplicationSupportsIndirectInputEvents = YES;
				INFOPLIST_KEY_UILaunchScreen_Generation = YES;
				INFOPLIST_KEY_UISupportedInterfaceOrientations_iPad = "UIInterfaceOrientationPortrait UIInterfaceOrientationPortraitUpsideDown UIInterfaceOrientationLandscapeLeft UIInterfaceOrientationLandscapeRight";
				INFOPLIST_KEY_UISupportedInterfaceOrientations_iPhone = "UIInterfaceOrientationPortrait UIInterfaceOrientationLandscapeLeft UIInterfaceOrientationLandscapeRight";
				IPHONEOS_DEPLOYMENT_TARGET = 14.0;
				LD_RUNPATH_SEARCH_PATHS = (
					"$(inherited)",
					"@executable_path/Frameworks",
				);
				MARKETING_VERSION = 1.0;
				PRODUCT_BUNDLE_IDENTIFIER = com.rehnuma.DJournal;
				PRODUCT_NAME = "$(TARGET_NAME)";
				SWIFT_EMIT_LOC_STRINGS = YES;
				SWIFT_VERSION = 5.0;
				TARGETED_DEVICE_FAMILY = "1,2";
			};
			name = Release;
		};
/* End XCBuildConfiguration section */

/* Begin XCConfigurationList section */
		3DA391C22A3031A30017581A /* Build configuration list for PBXProject "DJournal" */ = {
			isa = XCConfigurationList;
			buildConfigurations = (
				3DA391D32A3031A50017581A /* Debug */,
				3DA391D42A3031A50017581A /* Release */,
			);
			defaultConfigurationIsVisible = 0;
			defaultConfigurationName = Release;
		};
		3DA391D52A3031A50017581A /* Build configuration list for PBXNativeTarget "DJournal" */ = {
			isa = XCConfigurationList;
			buildConfigurations = (
				3DA391D62A3031A50017581A /* Debug */,
				3DA391D72A3031A50017581A /* Release */,
			);
			defaultConfigurationIsVisible = 0;
			defaultConfigurationName = Release;
		};
/* End XCConfigurationList section */
	};
	rootObject = 3DA391BF2A3031A30017581A /* Project object */;
}
